
Microsoft Visual Studio Solution File, Format Version 12.00
# Visual Studio Version 16
VisualStudioVersion = 16.0.30711.63
MinimumVisualStudioVersion = 10.0.40219.1
Project("{FAE04EC0-301F-11D3-BF4B-00C04F79EFBC}") = "Ministry.BlogPage", "Ministry.BlogPage\Ministry.BlogPage.csproj", "{8251E75B-4B4F-4C7B-88E1-225357CF4EB3}"
EndProject
Global
	GlobalSection(SolutionConfigurationPlatforms) = preSolution
		Debug|Any CPU = Debug|Any CPU
		Release|Any CPU = Release|Any CPU
	EndGlobalSection
	GlobalSection(ProjectConfigurationPlatforms) = postSolution
		{8251E75B-4B4F-4C7B-88E1-225357CF4EB3}.Debug|Any CPU.ActiveCfg = Debug|Any CPU
		{8251E75B-4B4F-4C7B-88E1-225357CF4EB3}.Debug|Any CPU.Build.0 = Debug|Any CPU
		{8251E75B-4B4F-4C7B-88E1-225357CF4EB3}.Release|Any CPU.ActiveCfg = Release|Any CPU
		{8251E75B-4B4F-4C7B-88E1-225357CF4EB3}.Release|Any CPU.Build.0 = Release|Any CPU
	EndGlobalSection
	GlobalSection(SolutionProperties) = preSolution
		HideSolutionNode = FALSE
	EndGlobalSection
	GlobalSection(ExtensibilityGlobals) = postSolution
		SolutionGuid = {233CD478-2EFA-47AE-B8A8-785964B2163F}
	EndGlobalSection
EndGlobal
